
Microsoft Visual Studio Solution File, Format Version 12.00
# Visual Studio Version 16
VisualStudioVersion = 16.0.28803.156
MinimumVisualStudioVersion = 10.0.40219.1
Project("{FAE04EC0-301F-11D3-BF4B-00C04F79EFBC}") = "SmartPlaygroundWeb", "SmartPlaygroundWeb\SmartPlaygroundWeb.csproj", "{BA2900E2-14F7-4D6E-BCA4-BBACFED1DDD7}"
EndProject
Global
	GlobalSection(SolutionConfigurationPlatforms) = preSolution
		Debug|Any CPU = Debug|Any CPU
		Release|Any CPU = Release|Any CPU
	EndGlobalSection
	GlobalSection(ProjectConfigurationPlatforms) = postSolution
		{BA2900E2-14F7-4D6E-BCA4-BBACFED1DDD7}.Debug|Any CPU.ActiveCfg = Debug|Any CPU
		{BA2900E2-14F7-4D6E-BCA4-BBACFED1DDD7}.Debug|Any CPU.Build.0 = Debug|Any CPU
		{BA2900E2-14F7-4D6E-BCA4-BBACFED1DDD7}.Release|Any CPU.ActiveCfg = Release|Any CPU
		{BA2900E2-14F7-4D6E-BCA4-BBACFED1DDD7}.Release|Any CPU.Build.0 = Release|Any CPU
	EndGlobalSection
	GlobalSection(SolutionProperties) = preSolution
		HideSolutionNode = FALSE
	EndGlobalSection
	GlobalSection(ExtensibilityGlobals) = postSolution
		SolutionGuid = {0D9D9B4C-AF2B-4B3B-BA74-709F0299D355}
	EndGlobalSection
EndGlobal
